// !$*UTF8*$!
{
	archiveVersion = 1;
	classes = {
	};
	objectVersion = 70;
	objects = {

/* Begin PBXBuildFile section */
		386D06212E5E1FAE0074731C /* NetworkExtension.framework in Frameworks */ = {isa = PBXBuildFile; fileRef = 388FB0762E521FBC000B7E50 /* NetworkExtension.framework */; };
		386D062A2E5E1FAE0074731C /* TeachGateVPN.appex in Embed Foundation Extensions */ = {isa = PBXBuildFile; fileRef = 386D06202E5E1FAE0074731C /* TeachGateVPN.appex */; settings = {ATTRIBUTES = (RemoveHeadersOnCopy, ); }; };
		386D063D2E5E23570074731C /* OutlineVPNExtensionLib in Frameworks */ = {isa = PBXBuildFile; productRef = 386D063C2E5E23570074731C /* OutlineVPNExtensionLib */; };
		386D063F2E5E243B0074731C /* OutlineAppleLib in Frameworks */ = {isa = PBXBuildFile; productRef = 386D063E2E5E243B0074731C /* OutlineAppleLib */; };
		386D06502E5E26000074731C /* Tun2socks.xcframework in Frameworks */ = {isa = PBXBuildFile; fileRef = 386D06512E5E26010074731C /* Tun2socks.xcframework */; };
		386D06522E5E26020074731C /* Tun2socks.xcframework in Frameworks */ = {isa = PBXBuildFile; fileRef = 386D06512E5E26010074731C /* Tun2socks.xcframework */; };
		5142014D2437B4B30078DB4F /* AppDelegate.mm in Sources */ = {isa = PBXBuildFile; fileRef = 5142014C2437B4B30078DB4F /* AppDelegate.mm */; };
		514201522437B4B40078DB4F /* Assets.xcassets in Resources */ = {isa = PBXBuildFile; fileRef = 514201512437B4B40078DB4F /* Assets.xcassets */; };
		514201552437B4B40078DB4F /* Main.storyboard in Resources */ = {isa = PBXBuildFile; fileRef = 514201532437B4B40078DB4F /* Main.storyboard */; };
		514201582437B4B40078DB4F /* main.m in Sources */ = {isa = PBXBuildFile; fileRef = 514201572437B4B40078DB4F /* main.m */; };
		BC580F71E6048EE0D477F913 /* PrivacyInfo.xcprivacy in Resources */ = {isa = PBXBuildFile; fileRef = 0D4DAA09EBA99855C14A7249 /* PrivacyInfo.xcprivacy */; };
		C8637CC61DEC7CFBEBB67B30 /* libPods-Teach Gate-macOS.a in Frameworks */ = {isa = PBXBuildFile; fileRef = 2700B69892A7B68CB78F242D /* libPods-Teach Gate-macOS.a */; };
		E1E2E3E42E5E300100000002 /* TeachGateVPN/PacketTunnelProvider.swift in Sources */ = {isa = PBXBuildFile; fileRef = E1E2E3E42E5E300100000001 /* TeachGateVPN/PacketTunnelProvider.swift */; };
		F0A1B2C33D4E5F6A7B8C9D02 /* TeachGateVPNModule.m in Sources */ = {isa = PBXBuildFile; fileRef = F0A1B2C33D4E5F6A7B8C9D01 /* TeachGateVPNModule.m */; };
		F0A1B2C33D4E5F6A7B8C9D21 /* OutlineAppleLib in Frameworks */ = {isa = PBXBuildFile; productRef = F0A1B2C33D4E5F6A7B8C9D20 /* OutlineAppleLib */; };
		F0A1B2C33D4E5F6A7B8C9D22 /* SwiftBridge.swift in Sources */ = {isa = PBXBuildFile; fileRef = F0A1B2C33D4E5F6A7B8C9D23 /* SwiftBridge.swift */; };
		F0A1B2C33D4E5F6A7B8C9E02 /* Tun2socks.xcframework in Copy Frameworks */ = {isa = PBXBuildFile; fileRef = 386D06512E5E26010074731C /* Tun2socks.xcframework */; settings = {ATTRIBUTES = (CodeSignOnCopy, RemoveHeadersOnCopy, ); }; };
		F0A1B2C33D4E5F6A7B8C9E04 /* Tun2socks.xcframework in Copy Frameworks VPN */ = {isa = PBXBuildFile; fileRef = 386D06512E5E26010074731C /* Tun2socks.xcframework */; settings = {ATTRIBUTES = (CodeSignOnCopy, RemoveHeadersOnCopy, ); }; };
/* End PBXBuildFile section */

/* Begin PBXContainerItemProxy section */
		386D06282E5E1FAE0074731C /* PBXContainerItemProxy */ = {
			isa = PBXContainerItemProxy;
			containerPortal = 83CBB9F71A601CBA00E9B192 /* Project object */;
			proxyType = 1;
			remoteGlobalIDString = 386D061F2E5E1FAE0074731C;
			remoteInfo = TeachGateVPN;
		};
/* End PBXContainerItemProxy section */

/* Begin PBXCopyFilesBuildPhase section */
		388FB0842E521FBC000B7E50 /* Embed Foundation Extensions */ = {
			isa = PBXCopyFilesBuildPhase;
			buildActionMask = 2147483647;
			dstPath = "";
			dstSubfolderSpec = 13;
			files = (
				386D062A2E5E1FAE0074731C /* TeachGateVPN.appex in Embed Foundation Extensions */,
			);
			name = "Embed Foundation Extensions";
			runOnlyForDeploymentPostprocessing = 0;
		};
		F0A1B2C33D4E5F6A7B8C9E01 /* Copy Frameworks */ = {
			isa = PBXCopyFilesBuildPhase;
			buildActionMask = 2147483647;
			dstPath = "";
			dstSubfolderSpec = 10;
			files = (
				F0A1B2C33D4E5F6A7B8C9E02 /* Tun2socks.xcframework in Copy Frameworks */,
			);
			name = "Copy Frameworks";
			runOnlyForDeploymentPostprocessing = 0;
		};
		F0A1B2C33D4E5F6A7B8C9E03 /* Copy Frameworks VPN */ = {
			isa = PBXCopyFilesBuildPhase;
			buildActionMask = 2147483647;
			dstPath = "";
			dstSubfolderSpec = 10;
			files = (
				F0A1B2C33D4E5F6A7B8C9E04 /* Tun2socks.xcframework in Copy Frameworks VPN */,
			);
			name = "Copy Frameworks VPN";
			runOnlyForDeploymentPostprocessing = 0;
		};
/* End PBXCopyFilesBuildPhase section */

/* Begin PBXFileReference section */
		0D4DAA09EBA99855C14A7249 /* PrivacyInfo.xcprivacy */ = {isa = PBXFileReference; includeInIndex = 1; lastKnownFileType = text.xml; path = PrivacyInfo.xcprivacy; sourceTree = "<group>"; };
		2700B69892A7B68CB78F242D /* libPods-Teach Gate-macOS.a */ = {isa = PBXFileReference; explicitFileType = archive.ar; includeInIndex = 0; path = "libPods-Teach Gate-macOS.a"; sourceTree = BUILT_PRODUCTS_DIR; };
		386D06202E5E1FAE0074731C /* TeachGateVPN.appex */ = {isa = PBXFileReference; explicitFileType = "wrapper.app-extension"; includeInIndex = 0; path = TeachGateVPN.appex; sourceTree = BUILT_PRODUCTS_DIR; };
		386D06512E5E26010074731C /* Tun2socks.xcframework */ = {isa = PBXFileReference; lastKnownFileType = wrapper.xcframework; path = Tun2socks.xcframework; sourceTree = "<group>"; };
		388FB0762E521FBC000B7E50 /* NetworkExtension.framework */ = {isa = PBXFileReference; lastKnownFileType = wrapper.framework; name = NetworkExtension.framework; path = System/Library/Frameworks/NetworkExtension.framework; sourceTree = SDKROOT; };
		38D859B42E3FA74F008031D3 /* Teach Gate-macOS.entitlements */ = {isa = PBXFileReference; lastKnownFileType = text.plist.entitlements; path = "Teach Gate-macOS.entitlements"; sourceTree = "<group>"; };
		514201492437B4B30078DB4F /* Teach Gate.app */ = {isa = PBXFileReference; explicitFileType = wrapper.application; includeInIndex = 0; path = "Teach Gate.app"; sourceTree = BUILT_PRODUCTS_DIR; };
		5142014B2437B4B30078DB4F /* AppDelegate.h */ = {isa = PBXFileReference; lastKnownFileType = sourcecode.c.h; path = AppDelegate.h; sourceTree = "<group>"; };
		5142014C2437B4B30078DB4F /* AppDelegate.mm */ = {isa = PBXFileReference; lastKnownFileType = sourcecode.cpp.objcpp; path = AppDelegate.mm; sourceTree = "<group>"; };
		514201512437B4B40078DB4F /* Assets.xcassets */ = {isa = PBXFileReference; lastKnownFileType = folder.assetcatalog; path = Assets.xcassets; sourceTree = "<group>"; };
		514201542437B4B40078DB4F /* Base */ = {isa = PBXFileReference; lastKnownFileType = file.storyboard; name = Base; path = Base.lproj/Main.storyboard; sourceTree = "<group>"; };
		514201562437B4B40078DB4F /* Info.plist */ = {isa = PBXFileReference; lastKnownFileType = text.plist.xml; path = Info.plist; sourceTree = "<group>"; };
		514201572437B4B40078DB4F /* main.m */ = {isa = PBXFileReference; lastKnownFileType = sourcecode.c.objc; path = main.m; sourceTree = "<group>"; };
		ABCDEF1234567890ABCDEF12 /* TeachGateVPN/PacketTunnelProvider.m */ = {isa = PBXFileReference; lastKnownFileType = sourcecode.c.objc; path = TeachGateVPN/PacketTunnelProvider.m; sourceTree = "<group>"; };
		BEADF00B8E3D9DBB42863391 /* Pods-Teach Gate-macOS.debug.xcconfig */ = {isa = PBXFileReference; includeInIndex = 1; lastKnownFileType = text.xcconfig; name = "Pods-Teach Gate-macOS.debug.xcconfig"; path = "Target Support Files/Pods-Teach Gate-macOS/Pods-Teach Gate-macOS.debug.xcconfig"; sourceTree = "<group>"; };
		D0F0F0F02E5D7362004A8AC1 /* TeachGateVPN/PacketTunnelProviderBridge.swift */ = {isa = PBXFileReference; lastKnownFileType = sourcecode.swift; path = TeachGateVPN/PacketTunnelProviderBridge.swift; sourceTree = "<group>"; };
		DFE5AD19F44269DA06D65ECD /* Pods-Teach Gate-macOS.release.xcconfig */ = {isa = PBXFileReference; includeInIndex = 1; lastKnownFileType = text.xcconfig; name = "Pods-Teach Gate-macOS.release.xcconfig"; path = "Target Support Files/Pods-Teach Gate-macOS/Pods-Teach Gate-macOS.release.xcconfig"; sourceTree = "<group>"; };
		E1E2E3E42E5E300100000001 /* TeachGateVPN/PacketTunnelProvider.swift */ = {isa = PBXFileReference; lastKnownFileType = sourcecode.swift; path = TeachGateVPN/PacketTunnelProvider.swift; sourceTree = "<group>"; };
		ED297162215061F000B7C4FE /* JavaScriptCore.framework */ = {isa = PBXFileReference; lastKnownFileType = wrapper.framework; name = JavaScriptCore.framework; path = System/Library/Frameworks/JavaScriptCore.framework; sourceTree = SDKROOT; };
		F0A1B2C33D4E5F6A7B8C9D00 /* TeachGateVPNModule.h */ = {isa = PBXFileReference; lastKnownFileType = sourcecode.c.h; path = TeachGateVPNModule.h; sourceTree = "<group>"; };
		F0A1B2C33D4E5F6A7B8C9D01 /* TeachGateVPNModule.m */ = {isa = PBXFileReference; lastKnownFileType = sourcecode.c.objc; path = TeachGateVPNModule.m; sourceTree = "<group>"; };
		F0A1B2C33D4E5F6A7B8C9D23 /* SwiftBridge.swift */ = {isa = PBXFileReference; lastKnownFileType = sourcecode.swift; path = SwiftBridge.swift; sourceTree = "<group>"; };
/* End PBXFileReference section */

/* Begin PBXFileSystemSynchronizedBuildFileExceptionSet section */
		386D062B2E5E1FAE0074731C /* PBXFileSystemSynchronizedBuildFileExceptionSet */ = {
			isa = PBXFileSystemSynchronizedBuildFileExceptionSet;
			membershipExceptions = (
				Info.plist,
			);
			target = 386D061F2E5E1FAE0074731C /* TeachGateVPN */;
		};
/* End PBXFileSystemSynchronizedBuildFileExceptionSet section */

/* Begin PBXFileSystemSynchronizedRootGroup section */
		386D06222E5E1FAE0074731C /* TeachGateVPN */ = {isa = PBXFileSystemSynchronizedRootGroup; exceptions = (386D062B2E5E1FAE0074731C /* PBXFileSystemSynchronizedBuildFileExceptionSet */, ); explicitFileTypes = {}; explicitFolders = (); path = TeachGateVPN; sourceTree = "<group>"; };
		388FB0782E521FBC000B7E50 /* TeachGateVPN */ = {isa = PBXFileSystemSynchronizedRootGroup; explicitFileTypes = {}; explicitFolders = (); path = TeachGateVPN; sourceTree = "<group>"; };
/* End PBXFileSystemSynchronizedRootGroup section */

/* Begin PBXFrameworksBuildPhase section */
		386D061D2E5E1FAE0074731C /* Frameworks */ = {
			isa = PBXFrameworksBuildPhase;
			buildActionMask = 2147483647;
			files = (
				386D06212E5E1FAE0074731C /* NetworkExtension.framework in Frameworks */,
				386D06522E5E26020074731C /* Tun2socks.xcframework in Frameworks */,
				386D063D2E5E23570074731C /* OutlineVPNExtensionLib in Frameworks */,
				386D063F2E5E243B0074731C /* OutlineAppleLib in Frameworks */,
			);
			runOnlyForDeploymentPostprocessing = 0;
		};
		514201462437B4B30078DB4F /* Frameworks */ = {
			isa = PBXFrameworksBuildPhase;
			buildActionMask = 2147483647;
			files = (
				386D06502E5E26000074731C /* Tun2socks.xcframework in Frameworks */,
				C8637CC61DEC7CFBEBB67B30 /* libPods-Teach Gate-macOS.a in Frameworks */,
				F0A1B2C33D4E5F6A7B8C9D21 /* OutlineAppleLib in Frameworks */,
			);
			runOnlyForDeploymentPostprocessing = 0;
		};
/* End PBXFrameworksBuildPhase section */

/* Begin PBXGroup section */
		2D16E6871FA4F8E400B85C8A /* Frameworks */ = {
			isa = PBXGroup;
			children = (
				ED297162215061F000B7C4FE /* JavaScriptCore.framework */,
				388FB0762E521FBC000B7E50 /* NetworkExtension.framework */,
				386D06512E5E26010074731C /* Tun2socks.xcframework */,
				2700B69892A7B68CB78F242D /* libPods-Teach Gate-macOS.a */,
			);
			name = Frameworks;
			sourceTree = "<group>";
		};
		38F6A62B2E5D7362004A8AB4 /* Recovered References */ = {
			isa = PBXGroup;
			children = (
				ABCDEF1234567890ABCDEF12 /* TeachGateVPN/PacketTunnelProvider.m */,
				D0F0F0F02E5D7362004A8AC1 /* TeachGateVPN/PacketTunnelProviderBridge.swift */,
				E1E2E3E42E5E300100000001 /* TeachGateVPN/PacketTunnelProvider.swift */,
			);
			name = "Recovered References";
			sourceTree = "<group>";
		};
		5142014A2437B4B30078DB4F /* Teach Gate-macOS */ = {
			isa = PBXGroup;
			children = (
				38D859B42E3FA74F008031D3 /* Teach Gate-macOS.entitlements */,
				5142014B2437B4B30078DB4F /* AppDelegate.h */,
				5142014C2437B4B30078DB4F /* AppDelegate.mm */,
				514201512437B4B40078DB4F /* Assets.xcassets */,
				514201532437B4B40078DB4F /* Main.storyboard */,
				514201562437B4B40078DB4F /* Info.plist */,
				514201572437B4B40078DB4F /* main.m */,
				F0A1B2C33D4E5F6A7B8C9D23 /* SwiftBridge.swift */,
				F0A1B2C33D4E5F6A7B8C9D10 /* VPN */,
			);
			path = "Teach Gate-macOS";
			sourceTree = "<group>";
		};
		7F4C38CC7E510D55C6331C89 /* Pods */ = {
			isa = PBXGroup;
			children = (
				BEADF00B8E3D9DBB42863391 /* Pods-Teach Gate-macOS.debug.xcconfig */,
				DFE5AD19F44269DA06D65ECD /* Pods-Teach Gate-macOS.release.xcconfig */,
			);
			path = Pods;
			sourceTree = "<group>";
		};
		832341AE1AAA6A7D00B99B32 /* Libraries */ = {
			isa = PBXGroup;
			children = (
			);
			name = Libraries;
			sourceTree = "<group>";
		};
		83CBB9F61A601CBA00E9B192 = {
			isa = PBXGroup;
			children = (
				5142014A2437B4B30078DB4F /* Teach Gate-macOS */,
				832341AE1AAA6A7D00B99B32 /* Libraries */,
				388FB0782E521FBC000B7E50 /* TeachGateVPN */,
				386D06222E5E1FAE0074731C /* TeachGateVPN */,
				83CBBA001A601CBA00E9B192 /* Products */,
				2D16E6871FA4F8E400B85C8A /* Frameworks */,
				0D4DAA09EBA99855C14A7249 /* PrivacyInfo.xcprivacy */,
				7F4C38CC7E510D55C6331C89 /* Pods */,
				38F6A62B2E5D7362004A8AB4 /* Recovered References */,
			);
			indentWidth = 2;
			sourceTree = "<group>";
			tabWidth = 2;
			usesTabs = 0;
		};
		83CBBA001A601CBA00E9B192 /* Products */ = {
			isa = PBXGroup;
			children = (
				514201492437B4B30078DB4F /* Teach Gate.app */,
				386D06202E5E1FAE0074731C /* TeachGateVPN.appex */,
			);
			name = Products;
			sourceTree = "<group>";
		};
		F0A1B2C33D4E5F6A7B8C9D10 /* VPN */ = {
			isa = PBXGroup;
			children = (
				F0A1B2C33D4E5F6A7B8C9D00 /* TeachGateVPNModule.h */,
				F0A1B2C33D4E5F6A7B8C9D01 /* TeachGateVPNModule.m */,
			);
			path = VPN;
			sourceTree = "<group>";
		};
/* End PBXGroup section */

/* Begin PBXNativeTarget section */
		386D061F2E5E1FAE0074731C /* TeachGateVPN */ = {
			isa = PBXNativeTarget;
			buildConfigurationList = 386D062C2E5E1FAE0074731C /* Build configuration list for PBXNativeTarget "TeachGateVPN" */;
			buildPhases = (
				386D06332E5E200A0074731C /* ShellScript */,
				386D061C2E5E1FAE0074731C /* Sources */,
				386D061D2E5E1FAE0074731C /* Frameworks */,
				386D061E2E5E1FAE0074731C /* Resources */,
				F0A1B2C33D4E5F6A7B8C9E03 /* Copy Frameworks VPN */,
			);
			buildRules = (
			);
			dependencies = (
			);
			fileSystemSynchronizedGroups = (
				386D06222E5E1FAE0074731C /* TeachGateVPN */,
			);
			name = TeachGateVPN;
			packageProductDependencies = (
				386D063C2E5E23570074731C /* OutlineVPNExtensionLib */,
				386D063E2E5E243B0074731C /* OutlineAppleLib */,
			);
			productName = TeachGateVPN;
			productReference = 386D06202E5E1FAE0074731C /* TeachGateVPN.appex */;
			productType = "com.apple.product-type.app-extension";
		};
		514201482437B4B30078DB4F /* Teach Gate-macOS */ = {
			isa = PBXNativeTarget;
			buildConfigurationList = 5142015A2437B4B40078DB4F /* Build configuration list for PBXNativeTarget "Teach Gate-macOS" */;
			buildPhases = (
				71CF2F99508B0C5DAAB0386A /* [CP] Check Pods Manifest.lock */,
				514201452437B4B30078DB4F /* Sources */,
				514201462437B4B30078DB4F /* Frameworks */,
				514201472437B4B30078DB4F /* Resources */,
				F0A1B2C33D4E5F6A7B8C9E01 /* Copy Frameworks */,
				381D8A6E24576A4E00465D17 /* Bundle React Native code and images */,
				388FB0842E521FBC000B7E50 /* Embed Foundation Extensions */,
				7F8E9D0C1B2A34567890ABCD /* Resign Embedded Extensions */,
				2E406CF9CEC3B1159A270129 /* [CP] Copy Pods Resources */,
			);
			buildRules = (
			);
			dependencies = (
				386D06292E5E1FAE0074731C /* PBXTargetDependency */,
			);
			name = "Teach Gate-macOS";
			packageProductDependencies = (
				F0A1B2C33D4E5F6A7B8C9D20 /* OutlineAppleLib */,
			);
			productName = TeachGateDeskApp;
			productReference = 514201492437B4B30078DB4F /* Teach Gate.app */;
			productType = "com.apple.product-type.application";
		};
/* End PBXNativeTarget section */

/* Begin PBXProject section */
		83CBB9F71A601CBA00E9B192 /* Project object */ = {
			isa = PBXProject;
			attributes = {
				LastSwiftUpdateCheck = 1640;
				LastUpgradeCheck = 1130;
				TargetAttributes = {
					386D061F2E5E1FAE0074731C = {
						CreatedOnToolsVersion = 16.4;
					};
					514201482437B4B30078DB4F = {
						CreatedOnToolsVersion = 11.4;
					};
				};
			};
			buildConfigurationList = 83CBB9FA1A601CBA00E9B192 /* Build configuration list for PBXProject "Teach Gate" */;
			compatibilityVersion = "Xcode 3.2";
			developmentRegion = en;
			hasScannedForEncodings = 0;
			knownRegions = (
				en,
				Base,
			);
			mainGroup = 83CBB9F61A601CBA00E9B192;
			packageReferences = (
				386D06392E5E23570074731C /* XCLocalSwiftPackageReference "OutlineAppleLib" */,
			);
			productRefGroup = 83CBBA001A601CBA00E9B192 /* Products */;
			projectDirPath = "";
			projectRoot = "";
			targets = (
				514201482437B4B30078DB4F /* Teach Gate-macOS */,
				386D061F2E5E1FAE0074731C /* TeachGateVPN */,
			);
		};
/* End PBXProject section */

/* Begin PBXResourcesBuildPhase section */
		386D061E2E5E1FAE0074731C /* Resources */ = {
			isa = PBXResourcesBuildPhase;
			buildActionMask = 2147483647;
			files = (
			);
			runOnlyForDeploymentPostprocessing = 0;
		};
		514201472437B4B30078DB4F /* Resources */ = {
			isa = PBXResourcesBuildPhase;
			buildActionMask = 2147483647;
			files = (
				514201522437B4B40078DB4F /* Assets.xcassets in Resources */,
				514201552437B4B40078DB4F /* Main.storyboard in Resources */,
				BC580F71E6048EE0D477F913 /* PrivacyInfo.xcprivacy in Resources */,
			);
			runOnlyForDeploymentPostprocessing = 0;
		};
/* End PBXResourcesBuildPhase section */

/* Begin PBXShellScriptBuildPhase section */
		2E406CF9CEC3B1159A270129 /* [CP] Copy Pods Resources */ = {
			isa = PBXShellScriptBuildPhase;
			buildActionMask = 2147483647;
			files = (
			);
			inputPaths = (
				"${PODS_ROOT}/Target Support Files/Pods-Teach Gate-macOS/Pods-Teach Gate-macOS-resources.sh",
				"${PODS_CONFIGURATION_BUILD_DIR}/RCT-Folly/RCT-Folly_privacy.bundle",
				"${PODS_CONFIGURATION_BUILD_DIR}/RNCAsyncStorage/RNCAsyncStorage_resources.bundle",
				"${PODS_CONFIGURATION_BUILD_DIR}/React-Core/React-Core_privacy.bundle",
				"${PODS_CONFIGURATION_BUILD_DIR}/React-cxxreact/React-cxxreact_privacy.bundle",
				"${PODS_CONFIGURATION_BUILD_DIR}/boost/boost_privacy.bundle",
				"${PODS_CONFIGURATION_BUILD_DIR}/glog/glog_privacy.bundle",
			);
			name = "[CP] Copy Pods Resources";
			outputPaths = (
				"${TARGET_BUILD_DIR}/${UNLOCALIZED_RESOURCES_FOLDER_PATH}/RCT-Folly_privacy.bundle",
				"${TARGET_BUILD_DIR}/${UNLOCALIZED_RESOURCES_FOLDER_PATH}/RNCAsyncStorage_resources.bundle",
				"${TARGET_BUILD_DIR}/${UNLOCALIZED_RESOURCES_FOLDER_PATH}/React-Core_privacy.bundle",
				"${TARGET_BUILD_DIR}/${UNLOCALIZED_RESOURCES_FOLDER_PATH}/React-cxxreact_privacy.bundle",
				"${TARGET_BUILD_DIR}/${UNLOCALIZED_RESOURCES_FOLDER_PATH}/boost_privacy.bundle",
				"${TARGET_BUILD_DIR}/${UNLOCALIZED_RESOURCES_FOLDER_PATH}/glog_privacy.bundle",
			);
			runOnlyForDeploymentPostprocessing = 0;
			shellPath = /bin/sh;
			shellScript = "\"${PODS_ROOT}/Target Support Files/Pods-Teach Gate-macOS/Pods-Teach Gate-macOS-resources.sh\"\n";
			showEnvVarsInLog = 0;
		};
		381D8A6E24576A4E00465D17 /* Bundle React Native code and images */ = {
			isa = PBXShellScriptBuildPhase;
			buildActionMask = 2147483647;
			files = (
			);
			inputFileListPaths = (
			);
			inputPaths = (
			);
			name = "Bundle React Native code and images";
			outputFileListPaths = (
			);
			outputPaths = (
			);
			runOnlyForDeploymentPostprocessing = 0;
			shellPath = /bin/sh;
			shellScript = "export NODE_BINARY=node\n../node_modules/react-native-macos/scripts/react-native-xcode.sh\n";
		};
		386D06332E5E200A0074731C /* ShellScript */ = {
			isa = PBXShellScriptBuildPhase;
			buildActionMask = 2147483647;
			files = (
			);
			inputFileListPaths = (
			);
			inputPaths = (
			);
			outputFileListPaths = (
			);
			outputPaths = (
			);
			runOnlyForDeploymentPostprocessing = 0;
			shellPath = /bin/sh;
			shellScript = "#!/bin/bash\nset -euo pipefail\n\n# Tun2socks-macOS.xcframework is now used instead of c-archive build\necho \"Using Tun2socks-macOS.xcframework (built via gomobile)\"\necho \"XCFramework supports native macOS (Intel + Apple Silicon)\"";
		};
		71CF2F99508B0C5DAAB0386A /* [CP] Check Pods Manifest.lock */ = {
			isa = PBXShellScriptBuildPhase;
			buildActionMask = 2147483647;
			files = (
			);
			inputFileListPaths = (
			);
			inputPaths = (
				"${PODS_PODFILE_DIR_PATH}/Podfile.lock",
				"${PODS_ROOT}/Manifest.lock",
			);
			name = "[CP] Check Pods Manifest.lock";
			outputFileListPaths = (
			);
			outputPaths = (
				"$(DERIVED_FILE_DIR)/Pods-Teach Gate-macOS-checkManifestLockResult.txt",
			);
			runOnlyForDeploymentPostprocessing = 0;
			shellPath = /bin/sh;
			shellScript = "diff \"${PODS_PODFILE_DIR_PATH}/Podfile.lock\" \"${PODS_ROOT}/Manifest.lock\" > /dev/null\nif [ $? != 0 ] ; then\n    # print error to STDERR\n    echo \"error: The sandbox is not in sync with the Podfile.lock. Run 'pod install' or update your CocoaPods installation.\" >&2\n    exit 1\nfi\n# This output is used by Xcode 'outputs' to avoid re-running this script phase.\necho \"SUCCESS\" > \"${SCRIPT_OUTPUT_FILE_0}\"\n";
			showEnvVarsInLog = 0;
		};
		7F8E9D0C1B2A34567890ABCD /* Resign Embedded Extensions */ = {
			isa = PBXShellScriptBuildPhase;
			buildActionMask = 2147483647;
			files = (
			);
			inputPaths = (
			);
			name = "Resign Embedded Extensions";
			outputPaths = (
			);
			runOnlyForDeploymentPostprocessing = 0;
			shellPath = /bin/bash;
			shellScript = "#!/bin/bash\nset -e\nENTITLEMENTS=\"${SRCROOT}/TeachGateVPN/TeachGateVPN.entitlements\"\nSIGN_ID=\"${EXPANDED_CODE_SIGN_IDENTITY:-Apple Development: Obed Sayyad (L68KR9DKYL)}\"\nAPPEX_DIR1=\"${TARGET_BUILD_DIR}/${UNLOCALIZED_RESOURCES_FOLDER_PATH}\"\nAPPEX_DIR2=\"${TARGET_BUILD_DIR}\"\necho \"Searching for .appex in:\\n  ${APPEX_DIR1}\\n  ${APPEX_DIR2}\"\nfor DIR in \"${APPEX_DIR1}\" \"${APPEX_DIR2}\"; do\n  if [ -d \"${DIR}\" ]; then\n    find \"${DIR}\" -name \"*.appex\" -print0 | while IFS= read -r -d '' APPEX; do\n      echo \"Re-signing ${APPEX} with entitlements ${ENTITLEMENTS} using ${SIGN_ID}\";\n      /usr/bin/codesign --force --sign \"${SIGN_ID}\" --entitlements \"${ENTITLEMENTS}\" \"${APPEX}\" || echo \"codesign failed for ${APPEX}\";\n      /usr/bin/codesign -d --entitlements :- \"${APPEX}\" || echo \"codesign -d failed for ${APPEX}\";\n    done\n  else\n    echo \"No directory at ${DIR}\";\n  fi\ndone\n";
			showEnvVarsInLog = 0;
		};
/* End PBXShellScriptBuildPhase section */

/* Begin PBXSourcesBuildPhase section */
		386D061C2E5E1FAE0074731C /* Sources */ = {
			isa = PBXSourcesBuildPhase;
			buildActionMask = 2147483647;
			files = (
				E1E2E3E42E5E300100000002 /* TeachGateVPN/PacketTunnelProvider.swift in Sources */,
			);
			runOnlyForDeploymentPostprocessing = 0;
		};
		514201452437B4B30078DB4F /* Sources */ = {
			isa = PBXSourcesBuildPhase;
			buildActionMask = 2147483647;
			files = (
				514201582437B4B40078DB4F /* main.m in Sources */,
				5142014D2437B4B30078DB4F /* AppDelegate.mm in Sources */,
				F0A1B2C33D4E5F6A7B8C9D02 /* TeachGateVPNModule.m in Sources */,
				F0A1B2C33D4E5F6A7B8C9D22 /* SwiftBridge.swift in Sources */,
			);
			runOnlyForDeploymentPostprocessing = 0;
		};
/* End PBXSourcesBuildPhase section */

/* Begin PBXTargetDependency section */
		386D06292E5E1FAE0074731C /* PBXTargetDependency */ = {
			isa = PBXTargetDependency;
			target = 386D061F2E5E1FAE0074731C /* TeachGateVPN */;
			targetProxy = 386D06282E5E1FAE0074731C /* PBXContainerItemProxy */;
		};
/* End PBXTargetDependency section */

/* Begin PBXVariantGroup section */
		514201532437B4B40078DB4F /* Main.storyboard */ = {
			isa = PBXVariantGroup;
			children = (
				514201542437B4B40078DB4F /* Base */,
			);
			name = Main.storyboard;
			sourceTree = "<group>";
		};
/* End PBXVariantGroup section */

/* Begin XCBuildConfiguration section */
		386D062D2E5E1FAE0074731C /* Debug */ = {
			isa = XCBuildConfiguration;
			buildSettings = {
				ASSETCATALOG_COMPILER_GENERATE_SWIFT_ASSET_SYMBOL_EXTENSIONS = YES;
				CLANG_ANALYZER_NONNULL = YES;
				CLANG_ANALYZER_NUMBER_OBJECT_CONVERSION = YES_AGGRESSIVE;
				CLANG_CXX_LANGUAGE_STANDARD = "gnu++20";
				CLANG_ENABLE_OBJC_WEAK = YES;
				CLANG_WARN_DOCUMENTATION_COMMENTS = YES;
				CLANG_WARN_QUOTED_INCLUDE_IN_FRAMEWORK_HEADER = YES;
				CLANG_WARN_UNGUARDED_AVAILABILITY = YES_AGGRESSIVE;
				CODE_SIGN_ENTITLEMENTS = TeachGateVPN/TeachGateVPN.entitlements;
				CODE_SIGN_STYLE = Automatic;
				CURRENT_PROJECT_VERSION = 1;
				DEBUG_INFORMATION_FORMAT = dwarf;
				DEVELOPMENT_TEAM = K83SWH8YJ2;
				ENABLE_HARDENED_RUNTIME = YES;
				ENABLE_USER_SCRIPT_SANDBOXING = NO;
				FRAMEWORK_SEARCH_PATHS = (
					"$(inherited)",
					"$(PROJECT_DIR)/Tun2socks.xcframework",
					"$(PODS_CONFIGURATION_BUILD_DIR)",
				);
				GCC_C_LANGUAGE_STANDARD = gnu17;
				GENERATE_INFOPLIST_FILE = YES;
				HEADER_SEARCH_PATHS = "$(SRCROOT)/go";
				INFOPLIST_FILE = TeachGateVPN/Info.plist;
				INFOPLIST_KEY_CFBundleDisplayName = TeachGateVPN;
				INFOPLIST_KEY_NSHumanReadableCopyright = "";
				LD_RUNPATH_SEARCH_PATHS = (
					"$(inherited)",
					"@executable_path/../Frameworks",
					"@executable_path/../../../../Frameworks",
				);
				LIBRARY_SEARCH_PATHS = (
					"$(SDKROOT)/usr/lib/swift",
					"\"$(TOOLCHAIN_DIR)/usr/lib/swift/$(PLATFORM_NAME)\"",
					"\"$(inherited)\"",
					"$(SRCROOT)/go",
				);
				LOCALIZATION_PREFERS_STRING_CATALOGS = YES;
				MACOSX_DEPLOYMENT_TARGET = 12.0;
				MARKETING_VERSION = 1.0;
				MTL_ENABLE_DEBUG_INFO = INCLUDE_SOURCE;
				MTL_FAST_MATH = YES;
				OTHER_LDFLAGS = (
					"$(inherited)",
					"$(SRCROOT)/go/tun2socks.a",
				);
				"OTHER_LDFLAGS[arch=*]" = "$(inherited)  ";
				PRODUCT_BUNDLE_IDENTIFIER = com.develentcorp.teachgatedesk.TeachGateVPN;
				PRODUCT_NAME = "$(TARGET_NAME)";
				SDKROOT = macosx;
				SKIP_INSTALL = YES;
				SWIFT_EMIT_LOC_STRINGS = YES;
				SWIFT_VERSION = 5.0;
			};
			name = Debug;
		};
		386D062E2E5E1FAE0074731C /* Release */ = {
			isa = XCBuildConfiguration;
			buildSettings = {
				ASSETCATALOG_COMPILER_GENERATE_SWIFT_ASSET_SYMBOL_EXTENSIONS = YES;
				CLANG_ANALYZER_NONNULL = YES;
				CLANG_ANALYZER_NUMBER_OBJECT_CONVERSION = YES_AGGRESSIVE;
				CLANG_CXX_LANGUAGE_STANDARD = "gnu++20";
				CLANG_ENABLE_OBJC_WEAK = YES;
				CLANG_WARN_DOCUMENTATION_COMMENTS = YES;
				CLANG_WARN_QUOTED_INCLUDE_IN_FRAMEWORK_HEADER = YES;
				CLANG_WARN_UNGUARDED_AVAILABILITY = YES_AGGRESSIVE;
				CODE_SIGN_ENTITLEMENTS = TeachGateVPN/TeachGateVPN.entitlements;
				CODE_SIGN_STYLE = Automatic;
				COPY_PHASE_STRIP = NO;
				CURRENT_PROJECT_VERSION = 1;
				DEBUG_INFORMATION_FORMAT = "dwarf-with-dsym";
				DEVELOPMENT_TEAM = K83SWH8YJ2;
				ENABLE_HARDENED_RUNTIME = YES;
				ENABLE_USER_SCRIPT_SANDBOXING = NO;
				FRAMEWORK_SEARCH_PATHS = (
					"$(inherited)",
					"$(PROJECT_DIR)/Tun2socks.xcframework",
					"$(PODS_CONFIGURATION_BUILD_DIR)",
				);
				GCC_C_LANGUAGE_STANDARD = gnu17;
				GENERATE_INFOPLIST_FILE = YES;
				HEADER_SEARCH_PATHS = "$(SRCROOT)/go";
				INFOPLIST_FILE = TeachGateVPN/Info.plist;
				INFOPLIST_KEY_CFBundleDisplayName = TeachGateVPN;
				INFOPLIST_KEY_NSHumanReadableCopyright = "";
				LD_RUNPATH_SEARCH_PATHS = (
					"$(inherited)",
					"@executable_path/../Frameworks",
					"@executable_path/../../../../Frameworks",
				);
				LIBRARY_SEARCH_PATHS = (
					"$(SDKROOT)/usr/lib/swift",
					"\"$(TOOLCHAIN_DIR)/usr/lib/swift/$(PLATFORM_NAME)\"",
					"\"$(inherited)\"",
					"$(SRCROOT)/go",
				);
				LOCALIZATION_PREFERS_STRING_CATALOGS = YES;
				MACOSX_DEPLOYMENT_TARGET = 12.0;
				MARKETING_VERSION = 1.0;
				MTL_FAST_MATH = YES;
				OTHER_LDFLAGS = (
					"$(inherited)",
					"$(SRCROOT)/go/tun2socks.a",
				);
				PRODUCT_BUNDLE_IDENTIFIER = com.develentcorp.teachgatedesk.TeachGateVPN;
				PRODUCT_NAME = "$(TARGET_NAME)";
				SDKROOT = macosx;
				SKIP_INSTALL = YES;
				SWIFT_EMIT_LOC_STRINGS = YES;
				SWIFT_VERSION = 5.0;
			};
			name = Release;
		};
		5142015B2437B4B40078DB4F /* Debug */ = {
			isa = XCBuildConfiguration;
			baseConfigurationReference = BEADF00B8E3D9DBB42863391 /* Pods-Teach Gate-macOS.debug.xcconfig */;
			buildSettings = {
				ASSETCATALOG_COMPILER_APPICON_NAME = AppIcon;
				CLANG_ENABLE_MODULES = YES;
				CODE_SIGN_ENTITLEMENTS = "Teach Gate-macOS/Teach Gate-macOS.entitlements";
				CODE_SIGN_IDENTITY = "Apple Development";
				CODE_SIGN_STYLE = Automatic;
				CURRENT_PROJECT_VERSION = 1;
				DEAD_CODE_STRIPPING = NO;
				DEVELOPMENT_TEAM = K83SWH8YJ2;
				FRAMEWORK_SEARCH_PATHS = (
					"$(inherited)",
					"$(PROJECT_DIR)/Tun2socks.xcframework",
					"$(PODS_CONFIGURATION_BUILD_DIR)",
				);
				HEADER_SEARCH_PATHS = (
					"$(inherited)",
					"$(PODS_ROOT)/Headers/Public/React-Core",
					"$(PODS_ROOT)/Headers/Public",
				);
				INFOPLIST_FILE = "Teach Gate-macOS/Info.plist";
				INFOPLIST_KEY_CFBundleDisplayName = "TeachGate Connect";
				INFOPLIST_KEY_LSApplicationCategoryType = "public.app-category.utilities";
				LD_RUNPATH_SEARCH_PATHS = (
					"$(inherited)",
					"@executable_path/Frameworks",
				);
				MACOSX_DEPLOYMENT_TARGET = 12.0;
				MARKETING_VERSION = 1;
				OTHER_LDFLAGS = (
					"$(inherited)",
					"-ObjC",
					"-lc++",
				);
				PRODUCT_BUNDLE_IDENTIFIER = com.develentcorp.teachgatedesk;
				PRODUCT_NAME = "Teach Gate";
				PROVISIONING_PROFILE_SPECIFIER = "";
				SDKROOT = macosx;
				SWIFT_OPTIMIZATION_LEVEL = "-Onone";
				SWIFT_VERSION = 5.0;
			};
			name = Debug;
		};
		5142015C2437B4B40078DB4F /* Release */ = {
			isa = XCBuildConfiguration;
			baseConfigurationReference = DFE5AD19F44269DA06D65ECD /* Pods-Teach Gate-macOS.release.xcconfig */;
			buildSettings = {
				ASSETCATALOG_COMPILER_APPICON_NAME = AppIcon;
				CLANG_ENABLE_MODULES = YES;
				CODE_SIGN_ENTITLEMENTS = "Teach Gate-macOS/Teach Gate-macOS.entitlements";
				CODE_SIGN_IDENTITY = "Apple Development";
				CODE_SIGN_STYLE = Automatic;
				CURRENT_PROJECT_VERSION = 1;
				DEVELOPMENT_TEAM = K83SWH8YJ2;
				FRAMEWORK_SEARCH_PATHS = (
					"$(inherited)",
					"$(PROJECT_DIR)/Tun2socks.xcframework",
					"$(PODS_CONFIGURATION_BUILD_DIR)",
				);
				HEADER_SEARCH_PATHS = (
					"$(inherited)",
					"$(PODS_ROOT)/Headers/Public/React-Core",
					"$(PODS_ROOT)/Headers/Public",
				);
				INFOPLIST_FILE = "Teach Gate-macOS/Info.plist";
				INFOPLIST_KEY_CFBundleDisplayName = "TeachGate Connect";
				INFOPLIST_KEY_LSApplicationCategoryType = "public.app-category.utilities";
				LD_RUNPATH_SEARCH_PATHS = (
					"$(inherited)",
					"@executable_path/Frameworks",
				);
				MACOSX_DEPLOYMENT_TARGET = 12.0;
				MARKETING_VERSION = 1;
				OTHER_LDFLAGS = (
					"$(inherited)",
					"-ObjC",
					"-lc++",
				);
				PRODUCT_BUNDLE_IDENTIFIER = com.develentcorp.teachgatedesk;
				PRODUCT_NAME = "Teach Gate";
				PROVISIONING_PROFILE_SPECIFIER = "";
				SDKROOT = macosx;
				SWIFT_VERSION = 5.0;
			};
			name = Release;
		};
		83CBBA201A601CBA00E9B192 /* Debug */ = {
			isa = XCBuildConfiguration;
			buildSettings = {
				ALWAYS_SEARCH_USER_PATHS = NO;
				CLANG_ANALYZER_LOCALIZABILITY_NONLOCALIZED = YES;
				CLANG_CXX_LANGUAGE_STANDARD = "c++20";
				CLANG_CXX_LIBRARY = "libc++";
				CLANG_ENABLE_MODULES = YES;
				CLANG_ENABLE_OBJC_ARC = YES;
				CLANG_WARN_BLOCK_CAPTURE_AUTORELEASING = YES;
				CLANG_WARN_BOOL_CONVERSION = YES;
				CLANG_WARN_COMMA = YES;
				CLANG_WARN_CONSTANT_CONVERSION = YES;
				CLANG_WARN_DEPRECATED_OBJC_IMPLEMENTATIONS = YES;
				CLANG_WARN_DIRECT_OBJC_ISA_USAGE = YES_ERROR;
				CLANG_WARN_EMPTY_BODY = YES;
				CLANG_WARN_ENUM_CONVERSION = YES;
				CLANG_WARN_INFINITE_RECURSION = YES;
				CLANG_WARN_INT_CONVERSION = YES;
				CLANG_WARN_NON_LITERAL_NULL_CONVERSION = YES;
				CLANG_WARN_OBJC_IMPLICIT_RETAIN_SELF = YES;
				CLANG_WARN_OBJC_LITERAL_CONVERSION = YES;
				CLANG_WARN_OBJC_ROOT_CLASS = YES_ERROR;
				CLANG_WARN_RANGE_LOOP_ANALYSIS = YES;
				CLANG_WARN_STRICT_PROTOTYPES = YES;
				CLANG_WARN_SUSPICIOUS_MOVE = YES;
				CLANG_WARN_UNREACHABLE_CODE = YES;
				CLANG_WARN__DUPLICATE_METHOD_MATCH = YES;
				"CODE_SIGN_IDENTITY[sdk=iphoneos*]" = "iPhone Developer";
				COPY_PHASE_STRIP = NO;
				ENABLE_STRICT_OBJC_MSGSEND = YES;
				ENABLE_TESTABILITY = YES;
				GCC_C_LANGUAGE_STANDARD = gnu99;
				GCC_DYNAMIC_NO_PIC = NO;
				GCC_NO_COMMON_BLOCKS = YES;
				GCC_OPTIMIZATION_LEVEL = 0;
				GCC_PREPROCESSOR_DEFINITIONS = (
					"DEBUG=1",
					"$(inherited)",
				);
				GCC_SYMBOLS_PRIVATE_EXTERN = NO;
				GCC_WARN_64_TO_32_BIT_CONVERSION = YES;
				GCC_WARN_ABOUT_RETURN_TYPE = YES_ERROR;
				GCC_WARN_UNDECLARED_SELECTOR = YES;
				GCC_WARN_UNINITIALIZED_AUTOS = YES_AGGRESSIVE;
				GCC_WARN_UNUSED_FUNCTION = YES;
				GCC_WARN_UNUSED_VARIABLE = YES;
				IPHONEOS_DEPLOYMENT_TARGET = 9.0;
				LD_RUNPATH_SEARCH_PATHS = (
					/usr/lib/swift,
					"$(inherited)",
				);
				LIBRARY_SEARCH_PATHS = (
					"$(SDKROOT)/usr/lib/swift",
					"\"$(TOOLCHAIN_DIR)/usr/lib/swift/$(PLATFORM_NAME)\"",
					"\"$(inherited)\"",
				);
				MTL_ENABLE_DEBUG_INFO = YES;
				ONLY_ACTIVE_ARCH = YES;
				OTHER_LDFLAGS = "$(inherited)  ";
				REACT_NATIVE_PATH = "${PODS_ROOT}/../../node_modules/react-native";
				SDKROOT = iphoneos;
				SWIFT_ACTIVE_COMPILATION_CONDITIONS = "$(inherited) DEBUG";
				USE_HERMES = false;
			};
			name = Debug;
		};
		83CBBA211A601CBA00E9B192 /* Release */ = {
			isa = XCBuildConfiguration;
			buildSettings = {
				ALWAYS_SEARCH_USER_PATHS = NO;
				CLANG_ANALYZER_LOCALIZABILITY_NONLOCALIZED = YES;
				CLANG_CXX_LANGUAGE_STANDARD = "c++20";
				CLANG_CXX_LIBRARY = "libc++";
				CLANG_ENABLE_MODULES = YES;
				CLANG_ENABLE_OBJC_ARC = YES;
				CLANG_WARN_BLOCK_CAPTURE_AUTORELEASING = YES;
				CLANG_WARN_BOOL_CONVERSION = YES;
				CLANG_WARN_COMMA = YES;
				CLANG_WARN_CONSTANT_CONVERSION = YES;
				CLANG_WARN_DEPRECATED_OBJC_IMPLEMENTATIONS = YES;
				CLANG_WARN_DIRECT_OBJC_ISA_USAGE = YES_ERROR;
				CLANG_WARN_EMPTY_BODY = YES;
				CLANG_WARN_ENUM_CONVERSION = YES;
				CLANG_WARN_INFINITE_RECURSION = YES;
				CLANG_WARN_INT_CONVERSION = YES;
				CLANG_WARN_NON_LITERAL_NULL_CONVERSION = YES;
				CLANG_WARN_OBJC_IMPLICIT_RETAIN_SELF = YES;
				CLANG_WARN_OBJC_LITERAL_CONVERSION = YES;
				CLANG_WARN_OBJC_ROOT_CLASS = YES_ERROR;
				CLANG_WARN_RANGE_LOOP_ANALYSIS = YES;
				CLANG_WARN_STRICT_PROTOTYPES = YES;
				CLANG_WARN_SUSPICIOUS_MOVE = YES;
				CLANG_WARN_UNREACHABLE_CODE = YES;
				CLANG_WARN__DUPLICATE_METHOD_MATCH = YES;
				"CODE_SIGN_IDENTITY[sdk=iphoneos*]" = "iPhone Developer";
				COPY_PHASE_STRIP = YES;
				ENABLE_NS_ASSERTIONS = NO;
				ENABLE_STRICT_OBJC_MSGSEND = YES;
				GCC_C_LANGUAGE_STANDARD = gnu99;
				GCC_NO_COMMON_BLOCKS = YES;
				GCC_WARN_64_TO_32_BIT_CONVERSION = YES;
				GCC_WARN_ABOUT_RETURN_TYPE = YES_ERROR;
				GCC_WARN_UNDECLARED_SELECTOR = YES;
				GCC_WARN_UNINITIALIZED_AUTOS = YES_AGGRESSIVE;
				GCC_WARN_UNUSED_FUNCTION = YES;
				GCC_WARN_UNUSED_VARIABLE = YES;
				IPHONEOS_DEPLOYMENT_TARGET = 9.0;
				LD_RUNPATH_SEARCH_PATHS = (
					/usr/lib/swift,
					"$(inherited)",
				);
				LIBRARY_SEARCH_PATHS = (
					"$(SDKROOT)/usr/lib/swift",
					"\"$(TOOLCHAIN_DIR)/usr/lib/swift/$(PLATFORM_NAME)\"",
					"\"$(inherited)\"",
				);
				MTL_ENABLE_DEBUG_INFO = NO;
				ONLY_ACTIVE_ARCH = YES;
				OTHER_LDFLAGS = "$(inherited)  ";
				REACT_NATIVE_PATH = "${PODS_ROOT}/../../node_modules/react-native";
				SDKROOT = iphoneos;
				USE_HERMES = false;
				VALIDATE_PRODUCT = YES;
			};
			name = Release;
		};
/* End XCBuildConfiguration section */

/* Begin XCConfigurationList section */
		386D062C2E5E1FAE0074731C /* Build configuration list for PBXNativeTarget "TeachGateVPN" */ = {
			isa = XCConfigurationList;
			buildConfigurations = (
				386D062D2E5E1FAE0074731C /* Debug */,
				386D062E2E5E1FAE0074731C /* Release */,
			);
			defaultConfigurationIsVisible = 0;
			defaultConfigurationName = Release;
		};
		5142015A2437B4B40078DB4F /* Build configuration list for PBXNativeTarget "Teach Gate-macOS" */ = {
			isa = XCConfigurationList;
			buildConfigurations = (
				5142015B2437B4B40078DB4F /* Debug */,
				5142015C2437B4B40078DB4F /* Release */,
			);
			defaultConfigurationIsVisible = 0;
			defaultConfigurationName = Release;
		};
		83CBB9FA1A601CBA00E9B192 /* Build configuration list for PBXProject "Teach Gate" */ = {
			isa = XCConfigurationList;
			buildConfigurations = (
				83CBBA201A601CBA00E9B192 /* Debug */,
				83CBBA211A601CBA00E9B192 /* Release */,
			);
			defaultConfigurationIsVisible = 0;
			defaultConfigurationName = Release;
		};
/* End XCConfigurationList section */

/* Begin XCLocalSwiftPackageReference section */
		386D06392E5E23570074731C /* XCLocalSwiftPackageReference "OutlineAppleLib" */ = {
			isa = XCLocalSwiftPackageReference;
			relativePath = OutlineAppleLib;
		};
/* End XCLocalSwiftPackageReference section */

/* Begin XCSwiftPackageProductDependency section */
		386D063C2E5E23570074731C /* OutlineVPNExtensionLib */ = {
			isa = XCSwiftPackageProductDependency;
			productName = OutlineVPNExtensionLib;
		};
		386D063E2E5E243B0074731C /* OutlineAppleLib */ = {
			isa = XCSwiftPackageProductDependency;
			package = 386D06392E5E23570074731C /* XCLocalSwiftPackageReference "OutlineAppleLib" */;
			productName = OutlineAppleLib;
		};
		F0A1B2C33D4E5F6A7B8C9D20 /* OutlineAppleLib */ = {
			isa = XCSwiftPackageProductDependency;
			package = 386D06392E5E23570074731C /* XCLocalSwiftPackageReference "OutlineAppleLib" */;
			productName = OutlineAppleLib;
		};
/* End XCSwiftPackageProductDependency section */
	};
	rootObject = 83CBB9F71A601CBA00E9B192 /* Project object */;
}
